// !$*UTF8*$!
{
	archiveVersion = 1;
	classes = {
	};
	objectVersion = 46;
	objects = {

/* Begin PBXBuildFile section */
		D74D45B11BFCFEDD0098FD3D /* Entry+CoreDataProperties.swift in Sources */ = {isa = PBXBuildFile; fileRef = D74D45AF1BFCFEDD0098FD3D /* Entry+CoreDataProperties.swift */; };
		D74D45B21BFCFEDD0098FD3D /* Entry.swift in Sources */ = {isa = PBXBuildFile; fileRef = D74D45B01BFCFEDD0098FD3D /* Entry.swift */; };
		D74D45B41BFD019A0098FD3D /* EntryController.swift in Sources */ = {isa = PBXBuildFile; fileRef = D74D45B31BFD019A0098FD3D /* EntryController.swift */; };
		D74D46171BFE1F1D0098FD3D /* Image+CoreDataProperties.swift in Sources */ = {isa = PBXBuildFile; fileRef = D74D46151BFE1F1D0098FD3D /* Image+CoreDataProperties.swift */; };
		D74D46181BFE1F1D0098FD3D /* Image.swift in Sources */ = {isa = PBXBuildFile; fileRef = D74D46161BFE1F1D0098FD3D /* Image.swift */; };
		D7580B041BDD1EB70008789F /* AppDelegate.swift in Sources */ = {isa = PBXBuildFile; fileRef = D7580B031BDD1EB70008789F /* AppDelegate.swift */; };
		D7580B061BDD1EB70008789F /* ViewController.swift in Sources */ = {isa = PBXBuildFile; fileRef = D7580B051BDD1EB70008789F /* ViewController.swift */; };
		D7580B091BDD1EB70008789F /* Main.storyboard in Resources */ = {isa = PBXBuildFile; fileRef = D7580B071BDD1EB70008789F /* Main.storyboard */; };
		D7580B0C1BDD1EB70008789F /* TraditionalMedicineCapstoneProject.xcdatamodeld in Sources */ = {isa = PBXBuildFile; fileRef = D7580B0A1BDD1EB70008789F /* TraditionalMedicineCapstoneProject.xcdatamodeld */; };
		D7580B0E1BDD1EB70008789F /* Assets.xcassets in Resources */ = {isa = PBXBuildFile; fileRef = D7580B0D1BDD1EB70008789F /* Assets.xcassets */; };
		D7580B111BDD1EB70008789F /* LaunchScreen.storyboard in Resources */ = {isa = PBXBuildFile; fileRef = D7580B0F1BDD1EB70008789F /* LaunchScreen.storyboard */; };
		D76D36561BF580CC0003AC43 /* ChannelController.swift in Sources */ = {isa = PBXBuildFile; fileRef = D76D36551BF580CC0003AC43 /* ChannelController.swift */; };
		D76D365A1BF58BC90003AC43 /* Channel+CoreDataProperties.swift in Sources */ = {isa = PBXBuildFile; fileRef = D76D36591BF58BC90003AC43 /* Channel+CoreDataProperties.swift */; };
		D76D365E1BF599980003AC43 /* CombinationsViewController.swift in Sources */ = {isa = PBXBuildFile; fileRef = D76D365D1BF599980003AC43 /* CombinationsViewController.swift */; };
		D76D36601BF5B16A0003AC43 /* CombinationsTableViewCell.swift in Sources */ = {isa = PBXBuildFile; fileRef = D76D365F1BF5B16A0003AC43 /* CombinationsTableViewCell.swift */; };
		D76D36681BF6C2B70003AC43 /* ImageController.swift in Sources */ = {isa = PBXBuildFile; fileRef = D76D36671BF6C2B70003AC43 /* ImageController.swift */; };
		D782A4A61BE02A1000E51BAC /* DiagnosticToolViewController.swift in Sources */ = {isa = PBXBuildFile; fileRef = D782A4A51BE02A1000E51BAC /* DiagnosticToolViewController.swift */; };
		D782A4A81BE03B6A00E51BAC /* DiagnosisDetailViewController.swift in Sources */ = {isa = PBXBuildFile; fileRef = D782A4A71BE03B6900E51BAC /* DiagnosisDetailViewController.swift */; };
		D782A5701BE4479700E51BAC /* Stack.swift in Sources */ = {isa = PBXBuildFile; fileRef = D782A56F1BE4479700E51BAC /* Stack.swift */; };
		D782A5721BE664E600E51BAC /* AppearanceController.swift in Sources */ = {isa = PBXBuildFile; fileRef = D782A5711BE664E600E51BAC /* AppearanceController.swift */; };
		D782A5741BE6667300E51BAC /* Colors.swift in Sources */ = {isa = PBXBuildFile; fileRef = D782A5731BE6667300E51BAC /* Colors.swift */; };
		D782A57A1BE6827C00E51BAC /* MyCustomButton.swift in Sources */ = {isa = PBXBuildFile; fileRef = D782A5791BE6827C00E51BAC /* MyCustomButton.swift */; };
		D782A5A11BE849B600E51BAC /* Herb+CoreDataProperties.swift in Sources */ = {isa = PBXBuildFile; fileRef = D782A59F1BE849B600E51BAC /* Herb+CoreDataProperties.swift */; };
		D782A5A21BE849B600E51BAC /* Herb.swift in Sources */ = {isa = PBXBuildFile; fileRef = D782A5A01BE849B600E51BAC /* Herb.swift */; };
		D782A5A61BE907F000E51BAC /* Formula.swift in Sources */ = {isa = PBXBuildFile; fileRef = D782A5A41BE907F000E51BAC /* Formula.swift */; };
		D782A5AB1BE9535C00E51BAC /* Point+CoreDataProperties.swift in Sources */ = {isa = PBXBuildFile; fileRef = D782A5A71BE9535C00E51BAC /* Point+CoreDataProperties.swift */; };
		D782A5AC1BE9535C00E51BAC /* Point.swift in Sources */ = {isa = PBXBuildFile; fileRef = D782A5A81BE9535C00E51BAC /* Point.swift */; };
		D782A5AE1BE9535C00E51BAC /* Channel.swift in Sources */ = {isa = PBXBuildFile; fileRef = D782A5AA1BE9535C00E51BAC /* Channel.swift */; };
		D782A5F31BEA4BE200E51BAC /* FormulasController.swift in Sources */ = {isa = PBXBuildFile; fileRef = D782A5F21BEA4BE200E51BAC /* FormulasController.swift */; };
		D782A5F51BEA4ECF00E51BAC /* Formula+CoreDataProperties.swift in Sources */ = {isa = PBXBuildFile; fileRef = D782A5F41BEA4ECF00E51BAC /* Formula+CoreDataProperties.swift */; };
		D7C264961BF8256A0009B2A7 /* HerbUsesGetter.swift in Sources */ = {isa = PBXBuildFile; fileRef = D7C264951BF8256A0009B2A7 /* HerbUsesGetter.swift */; };
		D7C264981BF825BB0009B2A7 /* HerbSets.swift in Sources */ = {isa = PBXBuildFile; fileRef = D7C264971BF825BB0009B2A7 /* HerbSets.swift */; };
		D7C2649E1BFA271F0009B2A7 /* OtherResourcesViewController.swift in Sources */ = {isa = PBXBuildFile; fileRef = D7C2649D1BFA271F0009B2A7 /* OtherResourcesViewController.swift */; };
		D7C264A01BFA2C660009B2A7 /* OtherResourcesDetailViewController.swift in Sources */ = {isa = PBXBuildFile; fileRef = D7C2649F1BFA2C660009B2A7 /* OtherResourcesDetailViewController.swift */; };
		D7D9EBB11BDD8A6500C920AC /* HerbsController.swift in Sources */ = {isa = PBXBuildFile; fileRef = D7D9EBB01BDD8A6500C920AC /* HerbsController.swift */; };
		D7D9EBBA1BDDABF400C920AC /* PointController.swift in Sources */ = {isa = PBXBuildFile; fileRef = D7D9EBB91BDDABF400C920AC /* PointController.swift */; };
		D7D9EBBC1BDDAC2300C920AC /* PointsListViewController.swift in Sources */ = {isa = PBXBuildFile; fileRef = D7D9EBBB1BDDAC2300C920AC /* PointsListViewController.swift */; };
		D7D9EBBE1BDDAC3600C920AC /* PointsDetailListViewController.swift in Sources */ = {isa = PBXBuildFile; fileRef = D7D9EBBD1BDDAC3600C920AC /* PointsDetailListViewController.swift */; };
		D7F0FE681BFE86A700CF4210 /* ImagesController.swift in Sources */ = {isa = PBXBuildFile; fileRef = D7F0FE671BFE86A700CF4210 /* ImagesController.swift */; };
/* End PBXBuildFile section */

/* Begin PBXFileReference section */
		D74D45AF1BFCFEDD0098FD3D /* Entry+CoreDataProperties.swift */ = {isa = PBXFileReference; fileEncoding = 4; lastKnownFileType = sourcecode.swift; path = "Entry+CoreDataProperties.swift"; sourceTree = "<group>"; };
		D74D45B01BFCFEDD0098FD3D /* Entry.swift */ = {isa = PBXFileReference; fileEncoding = 4; lastKnownFileType = sourcecode.swift; path = Entry.swift; sourceTree = "<group>"; };
		D74D45B31BFD019A0098FD3D /* EntryController.swift */ = {isa = PBXFileReference; fileEncoding = 4; lastKnownFileType = sourcecode.swift; path = EntryController.swift; sourceTree = "<group>"; };
		D74D46151BFE1F1D0098FD3D /* Image+CoreDataProperties.swift */ = {isa = PBXFileReference; fileEncoding = 4; lastKnownFileType = sourcecode.swift; path = "Image+CoreDataProperties.swift"; sourceTree = "<group>"; };
		D74D46161BFE1F1D0098FD3D /* Image.swift */ = {isa = PBXFileReference; fileEncoding = 4; lastKnownFileType = sourcecode.swift; path = Image.swift; sourceTree = "<group>"; };
		D7580B001BDD1EB70008789F /* TraditionalMedicineCapstoneProject.app */ = {isa = PBXFileReference; explicitFileType = wrapper.application; includeInIndex = 0; path = TraditionalMedicineCapstoneProject.app; sourceTree = BUILT_PRODUCTS_DIR; };
		D7580B031BDD1EB70008789F /* AppDelegate.swift */ = {isa = PBXFileReference; lastKnownFileType = sourcecode.swift; path = AppDelegate.swift; sourceTree = "<group>"; };
		D7580B051BDD1EB70008789F /* ViewController.swift */ = {isa = PBXFileReference; lastKnownFileType = sourcecode.swift; path = ViewController.swift; sourceTree = "<group>"; };
		D7580B081BDD1EB70008789F /* Base */ = {isa = PBXFileReference; lastKnownFileType = file.storyboard; name = Base; path = Base.lproj/Main.storyboard; sourceTree = "<group>"; };
		D7580B0B1BDD1EB70008789F /* TraditionalMedicineCapstoneProject.xcdatamodel */ = {isa = PBXFileReference; lastKnownFileType = wrapper.xcdatamodel; path = TraditionalMedicineCapstoneProject.xcdatamodel; sourceTree = "<group>"; };
		D7580B0D1BDD1EB70008789F /* Assets.xcassets */ = {isa = PBXFileReference; lastKnownFileType = folder.assetcatalog; path = Assets.xcassets; sourceTree = "<group>"; };
		D7580B101BDD1EB70008789F /* Base */ = {isa = PBXFileReference; lastKnownFileType = file.storyboard; name = Base; path = Base.lproj/LaunchScreen.storyboard; sourceTree = "<group>"; };
		D7580B121BDD1EB70008789F /* Info.plist */ = {isa = PBXFileReference; lastKnownFileType = text.plist.xml; path = Info.plist; sourceTree = "<group>"; };
		D76D36551BF580CC0003AC43 /* ChannelController.swift */ = {isa = PBXFileReference; fileEncoding = 4; lastKnownFileType = sourcecode.swift; path = ChannelController.swift; sourceTree = "<group>"; };
		D76D36591BF58BC90003AC43 /* Channel+CoreDataProperties.swift */ = {isa = PBXFileReference; fileEncoding = 4; lastKnownFileType = sourcecode.swift; path = "Channel+CoreDataProperties.swift"; sourceTree = "<group>"; };
		D76D365D1BF599980003AC43 /* CombinationsViewController.swift */ = {isa = PBXFileReference; fileEncoding = 4; lastKnownFileType = sourcecode.swift; path = CombinationsViewController.swift; sourceTree = "<group>"; };
		D76D365F1BF5B16A0003AC43 /* CombinationsTableViewCell.swift */ = {isa = PBXFileReference; fileEncoding = 4; lastKnownFileType = sourcecode.swift; path = CombinationsTableViewCell.swift; sourceTree = "<group>"; };
		D76D36671BF6C2B70003AC43 /* ImageController.swift */ = {isa = PBXFileReference; fileEncoding = 4; lastKnownFileType = sourcecode.swift; name = ImageController.swift; path = ../ImageController.swift; sourceTree = "<group>"; };
		D782A4A51BE02A1000E51BAC /* DiagnosticToolViewController.swift */ = {isa = PBXFileReference; fileEncoding = 4; lastKnownFileType = sourcecode.swift; path = DiagnosticToolViewController.swift; sourceTree = "<group>"; };
		D782A4A71BE03B6900E51BAC /* DiagnosisDetailViewController.swift */ = {isa = PBXFileReference; fileEncoding = 4; lastKnownFileType = sourcecode.swift; path = DiagnosisDetailViewController.swift; sourceTree = "<group>"; };
		D782A56F1BE4479700E51BAC /* Stack.swift */ = {isa = PBXFileReference; fileEncoding = 4; lastKnownFileType = sourcecode.swift; path = Stack.swift; sourceTree = "<group>"; };
		D782A5711BE664E600E51BAC /* AppearanceController.swift */ = {isa = PBXFileReference; fileEncoding = 4; lastKnownFileType = sourcecode.swift; path = AppearanceController.swift; sourceTree = "<group>"; };
		D782A5731BE6667300E51BAC /* Colors.swift */ = {isa = PBXFileReference; fileEncoding = 4; lastKnownFileType = sourcecode.swift; path = Colors.swift; sourceTree = "<group>"; };
		D782A5791BE6827C00E51BAC /* MyCustomButton.swift */ = {isa = PBXFileReference; fileEncoding = 4; lastKnownFileType = sourcecode.swift; path = MyCustomButton.swift; sourceTree = "<group>"; };
		D782A59F1BE849B600E51BAC /* Herb+CoreDataProperties.swift */ = {isa = PBXFileReference; fileEncoding = 4; lastKnownFileType = sourcecode.swift; path = "Herb+CoreDataProperties.swift"; sourceTree = "<group>"; };
		D782A5A01BE849B600E51BAC /* Herb.swift */ = {isa = PBXFileReference; fileEncoding = 4; lastKnownFileType = sourcecode.swift; path = Herb.swift; sourceTree = "<group>"; };
		D782A5A41BE907F000E51BAC /* Formula.swift */ = {isa = PBXFileReference; fileEncoding = 4; lastKnownFileType = sourcecode.swift; path = Formula.swift; sourceTree = "<group>"; };
		D782A5A71BE9535C00E51BAC /* Point+CoreDataProperties.swift */ = {isa = PBXFileReference; fileEncoding = 4; lastKnownFileType = sourcecode.swift; path = "Point+CoreDataProperties.swift"; sourceTree = "<group>"; };
		D782A5A81BE9535C00E51BAC /* Point.swift */ = {isa = PBXFileReference; fileEncoding = 4; lastKnownFileType = sourcecode.swift; path = Point.swift; sourceTree = "<group>"; };
		D782A5AA1BE9535C00E51BAC /* Channel.swift */ = {isa = PBXFileReference; fileEncoding = 4; lastKnownFileType = sourcecode.swift; path = Channel.swift; sourceTree = "<group>"; };
		D782A5F21BEA4BE200E51BAC /* FormulasController.swift */ = {isa = PBXFileReference; fileEncoding = 4; lastKnownFileType = sourcecode.swift; path = FormulasController.swift; sourceTree = "<group>"; };
		D782A5F41BEA4ECF00E51BAC /* Formula+CoreDataProperties.swift */ = {isa = PBXFileReference; fileEncoding = 4; lastKnownFileType = sourcecode.swift; path = "Formula+CoreDataProperties.swift"; sourceTree = "<group>"; };
		D7C264951BF8256A0009B2A7 /* HerbUsesGetter.swift */ = {isa = PBXFileReference; fileEncoding = 4; lastKnownFileType = sourcecode.swift; path = HerbUsesGetter.swift; sourceTree = "<group>"; };
		D7C264971BF825BB0009B2A7 /* HerbSets.swift */ = {isa = PBXFileReference; fileEncoding = 4; lastKnownFileType = sourcecode.swift; path = HerbSets.swift; sourceTree = "<group>"; };
		D7C2649D1BFA271F0009B2A7 /* OtherResourcesViewController.swift */ = {isa = PBXFileReference; fileEncoding = 4; lastKnownFileType = sourcecode.swift; path = OtherResourcesViewController.swift; sourceTree = "<group>"; };
		D7C2649F1BFA2C660009B2A7 /* OtherResourcesDetailViewController.swift */ = {isa = PBXFileReference; fileEncoding = 4; lastKnownFileType = sourcecode.swift; path = OtherResourcesDetailViewController.swift; sourceTree = "<group>"; };
		D7D9EBB01BDD8A6500C920AC /* HerbsController.swift */ = {isa = PBXFileReference; fileEncoding = 4; lastKnownFileType = sourcecode.swift; path = HerbsController.swift; sourceTree = "<group>"; };
		D7D9EBB91BDDABF400C920AC /* PointController.swift */ = {isa = PBXFileReference; fileEncoding = 4; lastKnownFileType = sourcecode.swift; path = PointController.swift; sourceTree = "<group>"; };
		D7D9EBBB1BDDAC2300C920AC /* PointsListViewController.swift */ = {isa = PBXFileReference; fileEncoding = 4; lastKnownFileType = sourcecode.swift; name = PointsListViewController.swift; path = ../PointsListViewController.swift; sourceTree = "<group>"; };
		D7D9EBBD1BDDAC3600C920AC /* PointsDetailListViewController.swift */ = {isa = PBXFileReference; fileEncoding = 4; lastKnownFileType = sourcecode.swift; name = PointsDetailListViewController.swift; path = ../PointsDetailListViewController.swift; sourceTree = "<group>"; };
		D7F0FE671BFE86A700CF4210 /* ImagesController.swift */ = {isa = PBXFileReference; fileEncoding = 4; lastKnownFileType = sourcecode.swift; path = ImagesController.swift; sourceTree = "<group>"; };
/* End PBXFileReference section */

/* Begin PBXFrameworksBuildPhase section */
		D7580AFD1BDD1EB70008789F /* Frameworks */ = {
			isa = PBXFrameworksBuildPhase;
			buildActionMask = 2147483647;
			files = (
			);
			runOnlyForDeploymentPostprocessing = 0;
		};
/* End PBXFrameworksBuildPhase section */

/* Begin PBXGroup section */
		D7580AF71BDD1EB70008789F = {
			isa = PBXGroup;
			children = (
				D7580B021BDD1EB70008789F /* TraditionalMedicineCapstoneProject */,
				D7580B011BDD1EB70008789F /* Products */,
			);
			sourceTree = "<group>";
		};
		D7580B011BDD1EB70008789F /* Products */ = {
			isa = PBXGroup;
			children = (
				D7580B001BDD1EB70008789F /* TraditionalMedicineCapstoneProject.app */,
			);
			name = Products;
			sourceTree = "<group>";
		};
		D7580B021BDD1EB70008789F /* TraditionalMedicineCapstoneProject */ = {
			isa = PBXGroup;
			children = (
				D7580B071BDD1EB70008789F /* Main.storyboard */,
				D76D365F1BF5B16A0003AC43 /* CombinationsTableViewCell.swift */,
				D76D365D1BF599980003AC43 /* CombinationsViewController.swift */,
				D7D9EBBD1BDDAC3600C920AC /* PointsDetailListViewController.swift */,
				D7D9EBBB1BDDAC2300C920AC /* PointsListViewController.swift */,
				D7580B051BDD1EB70008789F /* ViewController.swift */,
				D74D45B31BFD019A0098FD3D /* EntryController.swift */,
				D7FF8E881BFEB1D40024FF6D /* Images */,
				D7D9EBB61BDDA4F800C920AC /* Herbs */,
				D7FF8E891BFEB1F40024FF6D /* OtherResources */,
				D7D9EBBF1BDDAC4300C920AC /* Points */,
				D782A59D1BE822D200E51BAC /* Diagnostics */,
				D782A59E1BE8386000E51BAC /* Customization */,
				D782A5CD1BE95AC300E51BAC /* CoreData */,
				D7580B031BDD1EB70008789F /* AppDelegate.swift */,
				D782A56F1BE4479700E51BAC /* Stack.swift */,
				D7580B0D1BDD1EB70008789F /* Assets.xcassets */,
				D7580B0F1BDD1EB70008789F /* LaunchScreen.storyboard */,
				D7580B121BDD1EB70008789F /* Info.plist */,
				D7580B0A1BDD1EB70008789F /* TraditionalMedicineCapstoneProject.xcdatamodeld */,
			);
			path = TraditionalMedicineCapstoneProject;
			sourceTree = "<group>";
		};
		D782A59D1BE822D200E51BAC /* Diagnostics */ = {
			isa = PBXGroup;
			children = (
				D782A4A51BE02A1000E51BAC /* DiagnosticToolViewController.swift */,
				D782A4A71BE03B6900E51BAC /* DiagnosisDetailViewController.swift */,
			);
			name = Diagnostics;
			sourceTree = "<group>";
		};
		D782A59E1BE8386000E51BAC /* Customization */ = {
			isa = PBXGroup;
			children = (
				D782A5711BE664E600E51BAC /* AppearanceController.swift */,
				D782A5791BE6827C00E51BAC /* MyCustomButton.swift */,
				D782A5731BE6667300E51BAC /* Colors.swift */,
			);
			name = Customization;
			sourceTree = "<group>";
		};
		D782A5CD1BE95AC300E51BAC /* CoreData */ = {
			isa = PBXGroup;
			children = (
				D74D46151BFE1F1D0098FD3D /* Image+CoreDataProperties.swift */,
				D74D46161BFE1F1D0098FD3D /* Image.swift */,
				D74D45AF1BFCFEDD0098FD3D /* Entry+CoreDataProperties.swift */,
				D74D45B01BFCFEDD0098FD3D /* Entry.swift */,
				D782A5A71BE9535C00E51BAC /* Point+CoreDataProperties.swift */,
				D782A5A81BE9535C00E51BAC /* Point.swift */,
				D76D36591BF58BC90003AC43 /* Channel+CoreDataProperties.swift */,
				D782A5AA1BE9535C00E51BAC /* Channel.swift */,
				D782A5F41BEA4ECF00E51BAC /* Formula+CoreDataProperties.swift */,
				D782A5A41BE907F000E51BAC /* Formula.swift */,
				D782A59F1BE849B600E51BAC /* Herb+CoreDataProperties.swift */,
				D782A5A01BE849B600E51BAC /* Herb.swift */,
			);
			name = CoreData;
			path = ..;
			sourceTree = "<group>";
		};
		D7D9EBB61BDDA4F800C920AC /* Herbs */ = {
			isa = PBXGroup;
			children = (
				D7D9EBB01BDD8A6500C920AC /* HerbsController.swift */,
				D7C264971BF825BB0009B2A7 /* HerbSets.swift */,
				D7C264951BF8256A0009B2A7 /* HerbUsesGetter.swift */,
				D782A5F21BEA4BE200E51BAC /* FormulasController.swift */,
			);
			name = Herbs;
			sourceTree = "<group>";
		};
		D7D9EBBF1BDDAC4300C920AC /* Points */ = {
			isa = PBXGroup;
			children = (
				D7D9EBB91BDDABF400C920AC /* PointController.swift */,
				D76D36551BF580CC0003AC43 /* ChannelController.swift */,
			);
			name = Points;
			sourceTree = "<group>";
		};
		D7FF8E881BFEB1D40024FF6D /* Images */ = {
			isa = PBXGroup;
			children = (
				D76D36671BF6C2B70003AC43 /* ImageController.swift */,
				D7F0FE671BFE86A700CF4210 /* ImagesController.swift */,
			);
			name = Images;
			sourceTree = "<group>";
		};
		D7FF8E891BFEB1F40024FF6D /* OtherResources */ = {
			isa = PBXGroup;
			children = (
				D7C2649D1BFA271F0009B2A7 /* OtherResourcesViewController.swift */,
				D7C2649F1BFA2C660009B2A7 /* OtherResourcesDetailViewController.swift */,
			);
			name = OtherResources;
			path = ..;
			sourceTree = "<group>";
		};
/* End PBXGroup section */

/* Begin PBXNativeTarget section */
		D7580AFF1BDD1EB70008789F /* TraditionalMedicineCapstoneProject */ = {
			isa = PBXNativeTarget;
			buildConfigurationList = D7580B151BDD1EB70008789F /* Build configuration list for PBXNativeTarget "TraditionalMedicineCapstoneProject" */;
			buildPhases = (
				D7580AFC1BDD1EB70008789F /* Sources */,
				D7580AFD1BDD1EB70008789F /* Frameworks */,
				D7580AFE1BDD1EB70008789F /* Resources */,
			);
			buildRules = (
			);
			dependencies = (
			);
			name = TraditionalMedicineCapstoneProject;
			productName = TraditionalMedicineCapstoneProject;
			productReference = D7580B001BDD1EB70008789F /* TraditionalMedicineCapstoneProject.app */;
			productType = "com.apple.product-type.application";
		};
/* End PBXNativeTarget section */

/* Begin PBXProject section */
		D7580AF81BDD1EB70008789F /* Project object */ = {
			isa = PBXProject;
			attributes = {
				LastUpgradeCheck = 0700;
				ORGANIZATIONNAME = "Eric Mead";
				TargetAttributes = {
					D7580AFF1BDD1EB70008789F = {
						CreatedOnToolsVersion = 7.0.1;
					};
				};
			};
			buildConfigurationList = D7580AFB1BDD1EB70008789F /* Build configuration list for PBXProject "TraditionalMedicineCapstoneProject" */;
			compatibilityVersion = "Xcode 3.2";
			developmentRegion = English;
			hasScannedForEncodings = 0;
			knownRegions = (
				en,
				Base,
			);
			mainGroup = D7580AF71BDD1EB70008789F;
			productRefGroup = D7580B011BDD1EB70008789F /* Products */;
			projectDirPath = "";
			projectRoot = "";
			targets = (
				D7580AFF1BDD1EB70008789F /* TraditionalMedicineCapstoneProject */,
			);
		};
/* End PBXProject section */

/* Begin PBXResourcesBuildPhase section */
		D7580AFE1BDD1EB70008789F /* Resources */ = {
			isa = PBXResourcesBuildPhase;
			buildActionMask = 2147483647;
			files = (
				D7580B111BDD1EB70008789F /* LaunchScreen.storyboard in Resources */,
				D7580B0E1BDD1EB70008789F /* Assets.xcassets in Resources */,
				D7580B091BDD1EB70008789F /* Main.storyboard in Resources */,
			);
			runOnlyForDeploymentPostprocessing = 0;
		};
/* End PBXResourcesBuildPhase section */

/* Begin PBXSourcesBuildPhase section */
		D7580AFC1BDD1EB70008789F /* Sources */ = {
			isa = PBXSourcesBuildPhase;
			buildActionMask = 2147483647;
			files = (
				D782A5F31BEA4BE200E51BAC /* FormulasController.swift in Sources */,
				D76D365A1BF58BC90003AC43 /* Channel+CoreDataProperties.swift in Sources */,
				D74D45B11BFCFEDD0098FD3D /* Entry+CoreDataProperties.swift in Sources */,
				D7D9EBBC1BDDAC2300C920AC /* PointsListViewController.swift in Sources */,
				D7580B061BDD1EB70008789F /* ViewController.swift in Sources */,
				D782A57A1BE6827C00E51BAC /* MyCustomButton.swift in Sources */,
				D782A5A11BE849B600E51BAC /* Herb+CoreDataProperties.swift in Sources */,
				D76D36601BF5B16A0003AC43 /* CombinationsTableViewCell.swift in Sources */,
				D782A5741BE6667300E51BAC /* Colors.swift in Sources */,
				D7580B0C1BDD1EB70008789F /* TraditionalMedicineCapstoneProject.xcdatamodeld in Sources */,
				D7C264961BF8256A0009B2A7 /* HerbUsesGetter.swift in Sources */,
				D74D46171BFE1F1D0098FD3D /* Image+CoreDataProperties.swift in Sources */,
				D782A5F51BEA4ECF00E51BAC /* Formula+CoreDataProperties.swift in Sources */,
				D74D45B41BFD019A0098FD3D /* EntryController.swift in Sources */,
				D74D46181BFE1F1D0098FD3D /* Image.swift in Sources */,
				D7F0FE681BFE86A700CF4210 /* ImagesController.swift in Sources */,
				D76D36561BF580CC0003AC43 /* ChannelController.swift in Sources */,
				D782A5A61BE907F000E51BAC /* Formula.swift in Sources */,
				D782A5701BE4479700E51BAC /* Stack.swift in Sources */,
				D782A4A61BE02A1000E51BAC /* DiagnosticToolViewController.swift in Sources */,
				D782A5A21BE849B600E51BAC /* Herb.swift in Sources */,
				D782A5AE1BE9535C00E51BAC /* Channel.swift in Sources */,
				D7C264981BF825BB0009B2A7 /* HerbSets.swift in Sources */,
				D76D365E1BF599980003AC43 /* CombinationsViewController.swift in Sources */,
				D782A5AB1BE9535C00E51BAC /* Point+CoreDataProperties.swift in Sources */,
				D7580B041BDD1EB70008789F /* AppDelegate.swift in Sources */,
				D76D36681BF6C2B70003AC43 /* ImageController.swift in Sources */,
				D782A4A81BE03B6A00E51BAC /* DiagnosisDetailViewController.swift in Sources */,
				D74D45B21BFCFEDD0098FD3D /* Entry.swift in Sources */,
				D7C2649E1BFA271F0009B2A7 /* OtherResourcesViewController.swift in Sources */,
				D782A5721BE664E600E51BAC /* AppearanceController.swift in Sources */,
				D782A5AC1BE9535C00E51BAC /* Point.swift in Sources */,
				D7D9EBBE1BDDAC3600C920AC /* PointsDetailListViewController.swift in Sources */,
				D7D9EBB11BDD8A6500C920AC /* HerbsController.swift in Sources */,
				D7C264A01BFA2C660009B2A7 /* OtherResourcesDetailViewController.swift in Sources */,
				D7D9EBBA1BDDABF400C920AC /* PointController.swift in Sources */,
			);
			runOnlyForDeploymentPostprocessing = 0;
		};
/* End PBXSourcesBuildPhase section */

/* Begin PBXVariantGroup section */
		D7580B071BDD1EB70008789F /* Main.storyboard */ = {
			isa = PBXVariantGroup;
			children = (
				D7580B081BDD1EB70008789F /* Base */,
			);
			name = Main.storyboard;
			sourceTree = "<group>";
		};
		D7580B0F1BDD1EB70008789F /* LaunchScreen.storyboard */ = {
			isa = PBXVariantGroup;
			children = (
				D7580B101BDD1EB70008789F /* Base */,
			);
			name = LaunchScreen.storyboard;
			sourceTree = "<group>";
		};
/* End PBXVariantGroup section */

/* Begin XCBuildConfiguration section */
		D7580B131BDD1EB70008789F /* Debug */ = {
			isa = XCBuildConfiguration;
			buildSettings = {
				ALWAYS_SEARCH_USER_PATHS = NO;
				CLANG_CXX_LANGUAGE_STANDARD = "gnu++0x";
				CLANG_CXX_LIBRARY = "libc++";
				CLANG_ENABLE_MODULES = YES;
				CLANG_ENABLE_OBJC_ARC = YES;
				CLANG_WARN_BOOL_CONVERSION = YES;
				CLANG_WARN_CONSTANT_CONVERSION = YES;
				CLANG_WARN_DIRECT_OBJC_ISA_USAGE = YES_ERROR;
				CLANG_WARN_EMPTY_BODY = YES;
				CLANG_WARN_ENUM_CONVERSION = YES;
				CLANG_WARN_INT_CONVERSION = YES;
				CLANG_WARN_OBJC_ROOT_CLASS = YES_ERROR;
				CLANG_WARN_UNREACHABLE_CODE = YES;
				CLANG_WARN__DUPLICATE_METHOD_MATCH = YES;
				"CODE_SIGN_IDENTITY[sdk=iphoneos*]" = "iPhone Developer";
				COPY_PHASE_STRIP = NO;
				DEBUG_INFORMATION_FORMAT = dwarf;
				ENABLE_STRICT_OBJC_MSGSEND = YES;
				ENABLE_TESTABILITY = YES;
				GCC_C_LANGUAGE_STANDARD = gnu99;
				GCC_DYNAMIC_NO_PIC = NO;
				GCC_NO_COMMON_BLOCKS = YES;
				GCC_OPTIMIZATION_LEVEL = 0;
				GCC_PREPROCESSOR_DEFINITIONS = (
					"DEBUG=1",
					"$(inherited)",
				);
				GCC_WARN_64_TO_32_BIT_CONVERSION = YES;
				GCC_WARN_ABOUT_RETURN_TYPE = YES_ERROR;
				GCC_WARN_UNDECLARED_SELECTOR = YES;
				GCC_WARN_UNINITIALIZED_AUTOS = YES_AGGRESSIVE;
				GCC_WARN_UNUSED_FUNCTION = YES;
				GCC_WARN_UNUSED_VARIABLE = YES;
				IPHONEOS_DEPLOYMENT_TARGET = 9.0;
				MTL_ENABLE_DEBUG_INFO = YES;
				ONLY_ACTIVE_ARCH = YES;
				SDKROOT = iphoneos;
				SWIFT_OPTIMIZATION_LEVEL = "-Onone";
				TARGETED_DEVICE_FAMILY = "1,2";
			};
			name = Debug;
		};
		D7580B141BDD1EB70008789F /* Release */ = {
			isa = XCBuildConfiguration;
			buildSettings = {
				ALWAYS_SEARCH_USER_PATHS = NO;
				CLANG_CXX_LANGUAGE_STANDARD = "gnu++0x";
				CLANG_CXX_LIBRARY = "libc++";
				CLANG_ENABLE_MODULES = YES;
				CLANG_ENABLE_OBJC_ARC = YES;
				CLANG_WARN_BOOL_CONVERSION = YES;
				CLANG_WARN_CONSTANT_CONVERSION = YES;
				CLANG_WARN_DIRECT_OBJC_ISA_USAGE = YES_ERROR;
				CLANG_WARN_EMPTY_BODY = YES;
				CLANG_WARN_ENUM_CONVERSION = YES;
				CLANG_WARN_INT_CONVERSION = YES;
				CLANG_WARN_OBJC_ROOT_CLASS = YES_ERROR;
				CLANG_WARN_UNREACHABLE_CODE = YES;
				CLANG_WARN__DUPLICATE_METHOD_MATCH = YES;
				"CODE_SIGN_IDENTITY[sdk=iphoneos*]" = "iPhone Developer";
				COPY_PHASE_STRIP = NO;
				DEBUG_INFORMATION_FORMAT = "dwarf-with-dsym";
				ENABLE_NS_ASSERTIONS = NO;
				ENABLE_STRICT_OBJC_MSGSEND = YES;
				GCC_C_LANGUAGE_STANDARD = gnu99;
				GCC_NO_COMMON_BLOCKS = YES;
				GCC_WARN_64_TO_32_BIT_CONVERSION = YES;
				GCC_WARN_ABOUT_RETURN_TYPE = YES_ERROR;
				GCC_WARN_UNDECLARED_SELECTOR = YES;
				GCC_WARN_UNINITIALIZED_AUTOS = YES_AGGRESSIVE;
				GCC_WARN_UNUSED_FUNCTION = YES;
				GCC_WARN_UNUSED_VARIABLE = YES;
				IPHONEOS_DEPLOYMENT_TARGET = 9.0;
				MTL_ENABLE_DEBUG_INFO = NO;
				SDKROOT = iphoneos;
				TARGETED_DEVICE_FAMILY = "1,2";
				VALIDATE_PRODUCT = YES;
			};
			name = Release;
		};
		D7580B161BDD1EB70008789F /* Debug */ = {
			isa = XCBuildConfiguration;
			buildSettings = {
				ASSETCATALOG_COMPILER_APPICON_NAME = AppIcon;
				INFOPLIST_FILE = TraditionalMedicineCapstoneProject/Info.plist;
				IPHONEOS_DEPLOYMENT_TARGET = 9.0;
				LD_RUNPATH_SEARCH_PATHS = "$(inherited) @executable_path/Frameworks";
				PRODUCT_BUNDLE_IDENTIFIER = com.mysite.TraditionalMedicineCapstoneProject;
				PRODUCT_NAME = "$(TARGET_NAME)";
			};
			name = Debug;
		};
		D7580B171BDD1EB70008789F /* Release */ = {
			isa = XCBuildConfiguration;
			buildSettings = {
				ASSETCATALOG_COMPILER_APPICON_NAME = AppIcon;
				INFOPLIST_FILE = TraditionalMedicineCapstoneProject/Info.plist;
				IPHONEOS_DEPLOYMENT_TARGET = 9.0;
				LD_RUNPATH_SEARCH_PATHS = "$(inherited) @executable_path/Frameworks";
				PRODUCT_BUNDLE_IDENTIFIER = com.mysite.TraditionalMedicineCapstoneProject;
				PRODUCT_NAME = "$(TARGET_NAME)";
			};
			name = Release;
		};
/* End XCBuildConfiguration section */

/* Begin XCConfigurationList section */
		D7580AFB1BDD1EB70008789F /* Build configuration list for PBXProject "TraditionalMedicineCapstoneProject" */ = {
			isa = XCConfigurationList;
			buildConfigurations = (
				D7580B131BDD1EB70008789F /* Debug */,
				D7580B141BDD1EB70008789F /* Release */,
			);
			defaultConfigurationIsVisible = 0;
			defaultConfigurationName = Release;
		};
		D7580B151BDD1EB70008789F /* Build configuration list for PBXNativeTarget "TraditionalMedicineCapstoneProject" */ = {
			isa = XCConfigurationList;
			buildConfigurations = (
				D7580B161BDD1EB70008789F /* Debug */,
				D7580B171BDD1EB70008789F /* Release */,
			);
			defaultConfigurationIsVisible = 0;
			defaultConfigurationName = Release;
		};
/* End XCConfigurationList section */

/* Begin XCVersionGroup section */
		D7580B0A1BDD1EB70008789F /* TraditionalMedicineCapstoneProject.xcdatamodeld */ = {
			isa = XCVersionGroup;
			children = (
				D7580B0B1BDD1EB70008789F /* TraditionalMedicineCapstoneProject.xcdatamodel */,
			);
			currentVersion = D7580B0B1BDD1EB70008789F /* TraditionalMedicineCapstoneProject.xcdatamodel */;
			path = TraditionalMedicineCapstoneProject.xcdatamodeld;
			sourceTree = "<group>";
			versionGroupType = wrapper.xcdatamodel;
		};
/* End XCVersionGroup section */
	};
	rootObject = D7580AF81BDD1EB70008789F /* Project object */;
}
